// !$*UTF8*$!
{
	archiveVersion = 1;
	classes = {
	};
	objectVersion = 50;
	objects = {

/* Begin PBXBuildFile section */
		3B0D330E2663C2CF00421E2E /* SearchWrapper.swift in Sources */ = {isa = PBXBuildFile; fileRef = 3B0D330D2663C2CF00421E2E /* SearchWrapper.swift */; };
		3B49875926826FA500ADE3D7 /* DisabledSearchMessageView.swift in Sources */ = {isa = PBXBuildFile; fileRef = 3B49875826826FA500ADE3D7 /* DisabledSearchMessageView.swift */; };
		3B61FED026468856000D4552 /* .gitignore in Resources */ = {isa = PBXBuildFile; fileRef = 3B61FECF26468856000D4552 /* .gitignore */; };
		3B61FED226468A56000D4552 /* API.swift in Sources */ = {isa = PBXBuildFile; fileRef = 3B61FED126468A56000D4552 /* API.swift */; };
		3B6F4BF3266AA06600690AF3 /* Lacation.swift in Sources */ = {isa = PBXBuildFile; fileRef = 3B6F4BF2266AA06600690AF3 /* Lacation.swift */; };
		3B9CF581269CC68A0041E9BA /* Temperature.swift in Sources */ = {isa = PBXBuildFile; fileRef = 3B9CF580269CC68A0041E9BA /* Temperature.swift */; };
		3B9CF583269CC77C0041E9BA /* Pressure.swift in Sources */ = {isa = PBXBuildFile; fileRef = 3B9CF582269CC77C0041E9BA /* Pressure.swift */; };
		3B9CF585269CC91B0041E9BA /* Settings.swift in Sources */ = {isa = PBXBuildFile; fileRef = 3B9CF584269CC91B0041E9BA /* Settings.swift */; };
		3BC6BC2F2673D81600E085F7 /* Constant.swift in Sources */ = {isa = PBXBuildFile; fileRef = 3BC6BC2E2673D81600E085F7 /* Constant.swift */; };
		3BC8F536266BF38500A0F91B /* Ext + CLPlacemark.swift in Sources */ = {isa = PBXBuildFile; fileRef = 3BC8F535266BF38500A0F91B /* Ext + CLPlacemark.swift */; };
		3BC8F538266CFFA400A0F91B /* User Manager.swift in Sources */ = {isa = PBXBuildFile; fileRef = 3BC8F537266CFFA400A0F91B /* User Manager.swift */; };
		3BC8F53A266D4D4700A0F91B /* UserData.swift in Sources */ = {isa = PBXBuildFile; fileRef = 3BC8F539266D4D4700A0F91B /* UserData.swift */; };
		3BD7C10B2662D50B00F4C323 /* SearchBar.swift in Sources */ = {isa = PBXBuildFile; fileRef = 3BD7C10A2662D50B00F4C323 /* SearchBar.swift */; };
		3BD7C10D2662D50D00F4C323 /* ViewControllerResolver.swift in Sources */ = {isa = PBXBuildFile; fileRef = 3BD7C10C2662D50D00F4C323 /* ViewControllerResolver.swift */; };
		3BD7C10F2662E0A100F4C323 /* Search3.swift in Sources */ = {isa = PBXBuildFile; fileRef = 3BD7C10E2662E0A100F4C323 /* Search3.swift */; };
		3BD7C12C26638B4300F4C323 /* LogoDataProvider.swift in Sources */ = {isa = PBXBuildFile; fileRef = 3BD7C12B26638B4300F4C323 /* LogoDataProvider.swift */; };
		3BD7C12E2663BAB600F4C323 /* Ext + String.swift in Sources */ = {isa = PBXBuildFile; fileRef = 3BD7C12D2663BAB600F4C323 /* Ext + String.swift */; };
		3BF6BBD2265C13C1006C9456 /* WeatherBackground.swift in Sources */ = {isa = PBXBuildFile; fileRef = 3BF6BBD1265C13C1006C9456 /* WeatherBackground.swift */; };
		3BF6BBD5265C1FC9006C9456 /* Ext + Color.swift in Sources */ = {isa = PBXBuildFile; fileRef = 3BF6BBD4265C1FC9006C9456 /* Ext + Color.swift */; };
		3BFE0C7826923B28008F6AF3 /* GearsView.swift in Sources */ = {isa = PBXBuildFile; fileRef = 3BFE0C7726923B28008F6AF3 /* GearsView.swift */; };
		A51698772602652000C3FC26 /* Location Manager???.swift in Sources */ = {isa = PBXBuildFile; fileRef = A51698762602652000C3FC26 /* Location Manager???.swift */; };
		A51CA0D52638874C00582369 /* FindingLocationView.swift in Sources */ = {isa = PBXBuildFile; fileRef = A51CA0D42638874C00582369 /* FindingLocationView.swift */; };
		A531DFE625F7642F00AB91E1 /* CurrentWeather.swift in Sources */ = {isa = PBXBuildFile; fileRef = A531DFE525F7642F00AB91E1 /* CurrentWeather.swift */; };
		A531DFFA25F7F6BB00AB91E1 /* Network Manager.swift in Sources */ = {isa = PBXBuildFile; fileRef = A531DFF925F7F6BB00AB91E1 /* Network Manager.swift */; };
		A531E00A25F88B5F00AB91E1 /* URL Manager.swift in Sources */ = {isa = PBXBuildFile; fileRef = A531E00925F88B5F00AB91E1 /* URL Manager.swift */; };
		A531E01B25F93FBB00AB91E1 /* WeatherViewModel.swift in Sources */ = {isa = PBXBuildFile; fileRef = A531E01A25F93FBB00AB91E1 /* WeatherViewModel.swift */; };
		A531E02925FA8BFD00AB91E1 /* Forecast.swift in Sources */ = {isa = PBXBuildFile; fileRef = A531E02825FA8BFD00AB91E1 /* Forecast.swift */; };
		A531E02F25FA929300AB91E1 /* ForecastView.swift in Sources */ = {isa = PBXBuildFile; fileRef = A531E02E25FA929300AB91E1 /* ForecastView.swift */; };
		A531E03425FA92C500AB91E1 /* ForecastViewModel.swift in Sources */ = {isa = PBXBuildFile; fileRef = A531E03325FA92C500AB91E1 /* ForecastViewModel.swift */; };
		A540D1C52614F17700B477B2 /* SettingsView.swift in Sources */ = {isa = PBXBuildFile; fileRef = A540D1C42614F17700B477B2 /* SettingsView.swift */; };
		A5412A6225FFDCA400B2FE64 /* DayForecastView.swift in Sources */ = {isa = PBXBuildFile; fileRef = A5412A6125FFDCA400B2FE64 /* DayForecastView.swift */; };
		A5412A6825FFDD5300B2FE64 /* DayForecastViewModel.swift in Sources */ = {isa = PBXBuildFile; fileRef = A5412A6725FFDD5300B2FE64 /* DayForecastViewModel.swift */; };
		A54831402615A87C001E7F76 /* Location Manager.swift in Sources */ = {isa = PBXBuildFile; fileRef = A548313F2615A87C001E7F76 /* Location Manager.swift */; };
		A597C24825F63169002940BF /* WeatherTVApp.swift in Sources */ = {isa = PBXBuildFile; fileRef = A597C24725F63169002940BF /* WeatherTVApp.swift */; };
		A597C24A25F63169002940BF /* WeatherView.swift in Sources */ = {isa = PBXBuildFile; fileRef = A597C24925F63169002940BF /* WeatherView.swift */; };
		A597C24C25F6316B002940BF /* Assets.xcassets in Resources */ = {isa = PBXBuildFile; fileRef = A597C24B25F6316B002940BF /* Assets.xcassets */; };
		A597C24F25F6316B002940BF /* Preview Assets.xcassets in Resources */ = {isa = PBXBuildFile; fileRef = A597C24E25F6316B002940BF /* Preview Assets.xcassets */; };
		A597C25A25F6316B002940BF /* WeatherTVTests.swift in Sources */ = {isa = PBXBuildFile; fileRef = A597C25925F6316B002940BF /* WeatherTVTests.swift */; };
		A597C26525F6316B002940BF /* WeatherTVUITests.swift in Sources */ = {isa = PBXBuildFile; fileRef = A597C26425F6316B002940BF /* WeatherTVUITests.swift */; };
		A5BF6EF6262B634900522AE5 /* SearchView.swift in Sources */ = {isa = PBXBuildFile; fileRef = A5BF6EF5262B634900522AE5 /* SearchView.swift */; };
		A5DA9741262C614B00EC34E8 /* SearchController.swift in Sources */ = {isa = PBXBuildFile; fileRef = A5DA9740262C614B00EC34E8 /* SearchController.swift */; };
		A5E9FCAA25FD4832001D3317 /* StartTabView.swift in Sources */ = {isa = PBXBuildFile; fileRef = A5E9FCA925FD4832001D3317 /* StartTabView.swift */; };
		A5E9FCAF25FE81E3001D3317 /* ForecastOneCalAPI.swift in Sources */ = {isa = PBXBuildFile; fileRef = A5E9FCAE25FE81E3001D3317 /* ForecastOneCalAPI.swift */; };
		A5E9FCB825FE871C001D3317 /* ForecastSevenDaysView.swift in Sources */ = {isa = PBXBuildFile; fileRef = A5E9FCB725FE871C001D3317 /* ForecastSevenDaysView.swift */; };
		A5E9FCC025FE87BC001D3317 /* ForecastSevenDaysViewModel.swift in Sources */ = {isa = PBXBuildFile; fileRef = A5E9FCBF25FE87BC001D3317 /* ForecastSevenDaysViewModel.swift */; };
		A5E9FCC825FE891E001D3317 /* Data Manager.swift in Sources */ = {isa = PBXBuildFile; fileRef = A5E9FCC725FE891E001D3317 /* Data Manager.swift */; };
		A5EEA13C262F6FBE0002EF8D /* serash.swift in Sources */ = {isa = PBXBuildFile; fileRef = A5EEA13B262F6FBE0002EF8D /* serash.swift */; };
/* End PBXBuildFile section */

/* Begin PBXContainerItemProxy section */
		A597C25625F6316B002940BF /* PBXContainerItemProxy */ = {
			isa = PBXContainerItemProxy;
			containerPortal = A597C23C25F63169002940BF /* Project object */;
			proxyType = 1;
			remoteGlobalIDString = A597C24325F63169002940BF;
			remoteInfo = WeatherTV;
		};
		A597C26125F6316B002940BF /* PBXContainerItemProxy */ = {
			isa = PBXContainerItemProxy;
			containerPortal = A597C23C25F63169002940BF /* Project object */;
			proxyType = 1;
			remoteGlobalIDString = A597C24325F63169002940BF;
			remoteInfo = WeatherTV;
		};
/* End PBXContainerItemProxy section */

/* Begin PBXFileReference section */
		3B0D330D2663C2CF00421E2E /* SearchWrapper.swift */ = {isa = PBXFileReference; lastKnownFileType = sourcecode.swift; path = SearchWrapper.swift; sourceTree = "<group>"; };
		3B49875826826FA500ADE3D7 /* DisabledSearchMessageView.swift */ = {isa = PBXFileReference; lastKnownFileType = sourcecode.swift; path = DisabledSearchMessageView.swift; sourceTree = "<group>"; };
		3B61FECF26468856000D4552 /* .gitignore */ = {isa = PBXFileReference; lastKnownFileType = text; path = .gitignore; sourceTree = "<group>"; };
		3B61FED126468A56000D4552 /* API.swift */ = {isa = PBXFileReference; lastKnownFileType = sourcecode.swift; path = API.swift; sourceTree = "<group>"; };
		3B6F4BF2266AA06600690AF3 /* Lacation.swift */ = {isa = PBXFileReference; lastKnownFileType = sourcecode.swift; path = Lacation.swift; sourceTree = "<group>"; };
		3B9CF580269CC68A0041E9BA /* Temperature.swift */ = {isa = PBXFileReference; lastKnownFileType = sourcecode.swift; path = Temperature.swift; sourceTree = "<group>"; };
		3B9CF582269CC77C0041E9BA /* Pressure.swift */ = {isa = PBXFileReference; lastKnownFileType = sourcecode.swift; path = Pressure.swift; sourceTree = "<group>"; };
		3B9CF584269CC91B0041E9BA /* Settings.swift */ = {isa = PBXFileReference; lastKnownFileType = sourcecode.swift; path = Settings.swift; sourceTree = "<group>"; };
		3BC6BC2E2673D81600E085F7 /* Constant.swift */ = {isa = PBXFileReference; lastKnownFileType = sourcecode.swift; path = Constant.swift; sourceTree = "<group>"; };
		3BC8F535266BF38500A0F91B /* Ext + CLPlacemark.swift */ = {isa = PBXFileReference; lastKnownFileType = sourcecode.swift; path = "Ext + CLPlacemark.swift"; sourceTree = "<group>"; };
		3BC8F537266CFFA400A0F91B /* User Manager.swift */ = {isa = PBXFileReference; lastKnownFileType = sourcecode.swift; path = "User Manager.swift"; sourceTree = "<group>"; };
		3BC8F539266D4D4700A0F91B /* UserData.swift */ = {isa = PBXFileReference; lastKnownFileType = sourcecode.swift; path = UserData.swift; sourceTree = "<group>"; };
		3BD7C10A2662D50B00F4C323 /* SearchBar.swift */ = {isa = PBXFileReference; lastKnownFileType = sourcecode.swift; path = SearchBar.swift; sourceTree = "<group>"; };
		3BD7C10C2662D50D00F4C323 /* ViewControllerResolver.swift */ = {isa = PBXFileReference; lastKnownFileType = sourcecode.swift; path = ViewControllerResolver.swift; sourceTree = "<group>"; };
		3BD7C10E2662E0A100F4C323 /* Search3.swift */ = {isa = PBXFileReference; lastKnownFileType = sourcecode.swift; path = Search3.swift; sourceTree = "<group>"; };
		3BD7C12B26638B4300F4C323 /* LogoDataProvider.swift */ = {isa = PBXFileReference; lastKnownFileType = sourcecode.swift; path = LogoDataProvider.swift; sourceTree = "<group>"; };
		3BD7C12D2663BAB600F4C323 /* Ext + String.swift */ = {isa = PBXFileReference; lastKnownFileType = sourcecode.swift; path = "Ext + String.swift"; sourceTree = "<group>"; };
		3BF6BBD1265C13C1006C9456 /* WeatherBackground.swift */ = {isa = PBXFileReference; lastKnownFileType = sourcecode.swift; path = WeatherBackground.swift; sourceTree = "<group>"; };
		3BF6BBD4265C1FC9006C9456 /* Ext + Color.swift */ = {isa = PBXFileReference; lastKnownFileType = sourcecode.swift; path = "Ext + Color.swift"; sourceTree = "<group>"; };
		3BFE0C7726923B28008F6AF3 /* GearsView.swift */ = {isa = PBXFileReference; lastKnownFileType = sourcecode.swift; path = GearsView.swift; sourceTree = "<group>"; };
		A51698762602652000C3FC26 /* Location Manager???.swift */ = {isa = PBXFileReference; lastKnownFileType = sourcecode.swift; path = "Location Manager???.swift"; sourceTree = "<group>"; };
		A51CA0D42638874C00582369 /* FindingLocationView.swift */ = {isa = PBXFileReference; lastKnownFileType = sourcecode.swift; path = FindingLocationView.swift; sourceTree = "<group>"; };
		A531DFE525F7642F00AB91E1 /* CurrentWeather.swift */ = {isa = PBXFileReference; lastKnownFileType = sourcecode.swift; path = CurrentWeather.swift; sourceTree = "<group>"; };
		A531DFF925F7F6BB00AB91E1 /* Network Manager.swift */ = {isa = PBXFileReference; lastKnownFileType = sourcecode.swift; path = "Network Manager.swift"; sourceTree = "<group>"; };
		A531E00925F88B5F00AB91E1 /* URL Manager.swift */ = {isa = PBXFileReference; lastKnownFileType = sourcecode.swift; path = "URL Manager.swift"; sourceTree = "<group>"; };
		A531E01A25F93FBB00AB91E1 /* WeatherViewModel.swift */ = {isa = PBXFileReference; lastKnownFileType = sourcecode.swift; path = WeatherViewModel.swift; sourceTree = "<group>"; };
		A531E02825FA8BFD00AB91E1 /* Forecast.swift */ = {isa = PBXFileReference; lastKnownFileType = sourcecode.swift; path = Forecast.swift; sourceTree = "<group>"; };
		A531E02E25FA929300AB91E1 /* ForecastView.swift */ = {isa = PBXFileReference; lastKnownFileType = sourcecode.swift; path = ForecastView.swift; sourceTree = "<group>"; };
		A531E03325FA92C500AB91E1 /* ForecastViewModel.swift */ = {isa = PBXFileReference; lastKnownFileType = sourcecode.swift; path = ForecastViewModel.swift; sourceTree = "<group>"; };
		A540D1C42614F17700B477B2 /* SettingsView.swift */ = {isa = PBXFileReference; lastKnownFileType = sourcecode.swift; path = SettingsView.swift; sourceTree = "<group>"; };
		A5412A6125FFDCA400B2FE64 /* DayForecastView.swift */ = {isa = PBXFileReference; lastKnownFileType = sourcecode.swift; path = DayForecastView.swift; sourceTree = "<group>"; };
		A5412A6725FFDD5300B2FE64 /* DayForecastViewModel.swift */ = {isa = PBXFileReference; lastKnownFileType = sourcecode.swift; path = DayForecastViewModel.swift; sourceTree = "<group>"; };
		A548313F2615A87C001E7F76 /* Location Manager.swift */ = {isa = PBXFileReference; lastKnownFileType = sourcecode.swift; path = "Location Manager.swift"; sourceTree = "<group>"; };
		A597C24425F63169002940BF /* WeatherTV.app */ = {isa = PBXFileReference; explicitFileType = wrapper.application; includeInIndex = 0; path = WeatherTV.app; sourceTree = BUILT_PRODUCTS_DIR; };
		A597C24725F63169002940BF /* WeatherTVApp.swift */ = {isa = PBXFileReference; lastKnownFileType = sourcecode.swift; path = WeatherTVApp.swift; sourceTree = "<group>"; };
		A597C24925F63169002940BF /* WeatherView.swift */ = {isa = PBXFileReference; lastKnownFileType = sourcecode.swift; path = WeatherView.swift; sourceTree = "<group>"; };
		A597C24B25F6316B002940BF /* Assets.xcassets */ = {isa = PBXFileReference; lastKnownFileType = folder.assetcatalog; path = Assets.xcassets; sourceTree = "<group>"; };
		A597C24E25F6316B002940BF /* Preview Assets.xcassets */ = {isa = PBXFileReference; lastKnownFileType = folder.assetcatalog; path = "Preview Assets.xcassets"; sourceTree = "<group>"; };
		A597C25025F6316B002940BF /* Info.plist */ = {isa = PBXFileReference; lastKnownFileType = text.plist.xml; path = Info.plist; sourceTree = "<group>"; };
		A597C25525F6316B002940BF /* WeatherTVTests.xctest */ = {isa = PBXFileReference; explicitFileType = wrapper.cfbundle; includeInIndex = 0; path = WeatherTVTests.xctest; sourceTree = BUILT_PRODUCTS_DIR; };
		A597C25925F6316B002940BF /* WeatherTVTests.swift */ = {isa = PBXFileReference; lastKnownFileType = sourcecode.swift; path = WeatherTVTests.swift; sourceTree = "<group>"; };
		A597C25B25F6316B002940BF /* Info.plist */ = {isa = PBXFileReference; lastKnownFileType = text.plist.xml; path = Info.plist; sourceTree = "<group>"; };
		A597C26025F6316B002940BF /* WeatherTVUITests.xctest */ = {isa = PBXFileReference; explicitFileType = wrapper.cfbundle; includeInIndex = 0; path = WeatherTVUITests.xctest; sourceTree = BUILT_PRODUCTS_DIR; };
		A597C26425F6316B002940BF /* WeatherTVUITests.swift */ = {isa = PBXFileReference; lastKnownFileType = sourcecode.swift; path = WeatherTVUITests.swift; sourceTree = "<group>"; };
		A597C26625F6316B002940BF /* Info.plist */ = {isa = PBXFileReference; lastKnownFileType = text.plist.xml; path = Info.plist; sourceTree = "<group>"; };
		A5BF6EF5262B634900522AE5 /* SearchView.swift */ = {isa = PBXFileReference; lastKnownFileType = sourcecode.swift; path = SearchView.swift; sourceTree = "<group>"; };
		A5DA9740262C614B00EC34E8 /* SearchController.swift */ = {isa = PBXFileReference; lastKnownFileType = sourcecode.swift; path = SearchController.swift; sourceTree = "<group>"; };
		A5E9FCA925FD4832001D3317 /* StartTabView.swift */ = {isa = PBXFileReference; lastKnownFileType = sourcecode.swift; path = StartTabView.swift; sourceTree = "<group>"; };
		A5E9FCAE25FE81E3001D3317 /* ForecastOneCalAPI.swift */ = {isa = PBXFileReference; lastKnownFileType = sourcecode.swift; path = ForecastOneCalAPI.swift; sourceTree = "<group>"; };
		A5E9FCB725FE871C001D3317 /* ForecastSevenDaysView.swift */ = {isa = PBXFileReference; lastKnownFileType = sourcecode.swift; path = ForecastSevenDaysView.swift; sourceTree = "<group>"; };
		A5E9FCBF25FE87BC001D3317 /* ForecastSevenDaysViewModel.swift */ = {isa = PBXFileReference; lastKnownFileType = sourcecode.swift; path = ForecastSevenDaysViewModel.swift; sourceTree = "<group>"; };
		A5E9FCC725FE891E001D3317 /* Data Manager.swift */ = {isa = PBXFileReference; lastKnownFileType = sourcecode.swift; path = "Data Manager.swift"; sourceTree = "<group>"; };
		A5EEA13B262F6FBE0002EF8D /* serash.swift */ = {isa = PBXFileReference; lastKnownFileType = sourcecode.swift; path = serash.swift; sourceTree = "<group>"; };
/* End PBXFileReference section */

/* Begin PBXFrameworksBuildPhase section */
		A597C24125F63169002940BF /* Frameworks */ = {
			isa = PBXFrameworksBuildPhase;
			buildActionMask = 2147483647;
			files = (
			);
			runOnlyForDeploymentPostprocessing = 0;
		};
		A597C25225F6316B002940BF /* Frameworks */ = {
			isa = PBXFrameworksBuildPhase;
			buildActionMask = 2147483647;
			files = (
			);
			runOnlyForDeploymentPostprocessing = 0;
		};
		A597C25D25F6316B002940BF /* Frameworks */ = {
			isa = PBXFrameworksBuildPhase;
			buildActionMask = 2147483647;
			files = (
			);
			runOnlyForDeploymentPostprocessing = 0;
		};
/* End PBXFrameworksBuildPhase section */

/* Begin PBXGroup section */
		3BD7C1072662D33D00F4C323 /* SearchView */ = {
			isa = PBXGroup;
			children = (
				3B0D330D2663C2CF00421E2E /* SearchWrapper.swift */,
				A5BF6EF5262B634900522AE5 /* SearchView.swift */,
			);
			path = SearchView;
			sourceTree = "<group>";
		};
		3BF6BBD3265C1FA9006C9456 /* Extensions */ = {
			isa = PBXGroup;
			children = (
				3BF6BBD4265C1FC9006C9456 /* Ext + Color.swift */,
				3BC8F535266BF38500A0F91B /* Ext + CLPlacemark.swift */,
				3BD7C12D2663BAB600F4C323 /* Ext + String.swift */,
			);
			path = Extensions;
			sourceTree = "<group>";
		};
		A51CA0D32638870500582369 /* FindingLocationView */ = {
			isa = PBXGroup;
			children = (
				A51CA0D42638874C00582369 /* FindingLocationView.swift */,
			);
			path = FindingLocationView;
			sourceTree = "<group>";
		};
		A531DFE425F7640200AB91E1 /* Models */ = {
			isa = PBXGroup;
			children = (
				A531DFE525F7642F00AB91E1 /* CurrentWeather.swift */,
				A531E02825FA8BFD00AB91E1 /* Forecast.swift */,
				A5E9FCAE25FE81E3001D3317 /* ForecastOneCalAPI.swift */,
				3B6F4BF2266AA06600690AF3 /* Lacation.swift */,
				3BC8F539266D4D4700A0F91B /* UserData.swift */,
				3B9CF580269CC68A0041E9BA /* Temperature.swift */,
				3B9CF582269CC77C0041E9BA /* Pressure.swift */,
				3B9CF584269CC91B0041E9BA /* Settings.swift */,
			);
			path = Models;
			sourceTree = "<group>";
		};
		A531DFED25F79F4600AB91E1 /* Views */ = {
			isa = PBXGroup;
			children = (
				3BD7C1072662D33D00F4C323 /* SearchView */,
				A51CA0D32638870500582369 /* FindingLocationView */,
				A5412A6625FFDCBB00B2FE64 /* DayForecastView */,
				A531E01925F93F8100AB91E1 /* WeatherView */,
				A5E9FCA925FD4832001D3317 /* StartTabView.swift */,
				A540D1C42614F17700B477B2 /* SettingsView.swift */,
				3BF6BBD1265C13C1006C9456 /* WeatherBackground.swift */,
				3BD7C12B26638B4300F4C323 /* LogoDataProvider.swift */,
				3B49875826826FA500ADE3D7 /* DisabledSearchMessageView.swift */,
				3BFE0C7726923B28008F6AF3 /* GearsView.swift */,
			);
			path = Views;
			sourceTree = "<group>";
		};
		A531DFF325F7F41600AB91E1 /* Supporting Files */ = {
			isa = PBXGroup;
			children = (
				A597C25025F6316B002940BF /* Info.plist */,
				A597C24B25F6316B002940BF /* Assets.xcassets */,
			);
			path = "Supporting Files";
			sourceTree = "<group>";
		};
		A531DFF825F7F69800AB91E1 /* Services */ = {
			isa = PBXGroup;
			children = (
				A531DFF925F7F6BB00AB91E1 /* Network Manager.swift */,
				A5E9FCC725FE891E001D3317 /* Data Manager.swift */,
				3BC8F537266CFFA400A0F91B /* User Manager.swift */,
				A531E00925F88B5F00AB91E1 /* URL Manager.swift */,
				A548313F2615A87C001E7F76 /* Location Manager.swift */,
				3B61FED126468A56000D4552 /* API.swift */,
				3BC6BC2E2673D81600E085F7 /* Constant.swift */,
			);
			path = Services;
			sourceTree = "<group>";
		};
		A531E01925F93F8100AB91E1 /* WeatherView */ = {
			isa = PBXGroup;
			children = (
				A597C24925F63169002940BF /* WeatherView.swift */,
				A531E01A25F93FBB00AB91E1 /* WeatherViewModel.swift */,
			);
			path = WeatherView;
			sourceTree = "<group>";
		};
		A531E02D25FA927500AB91E1 /* ForecastView */ = {
			isa = PBXGroup;
			children = (
				A531E02E25FA929300AB91E1 /* ForecastView.swift */,
				A531E03325FA92C500AB91E1 /* ForecastViewModel.swift */,
			);
			path = ForecastView;
			sourceTree = "<group>";
		};
		A5412A6625FFDCBB00B2FE64 /* DayForecastView */ = {
			isa = PBXGroup;
			children = (
				A5412A6125FFDCA400B2FE64 /* DayForecastView.swift */,
				A5412A6725FFDD5300B2FE64 /* DayForecastViewModel.swift */,
			);
			path = DayForecastView;
			sourceTree = "<group>";
		};
		A5412A7525FFF76E00B2FE64 /* trash */ = {
			isa = PBXGroup;
			children = (
				A5EEA13B262F6FBE0002EF8D /* serash.swift */,
				A5DA9740262C614B00EC34E8 /* SearchController.swift */,
				3BD7C10C2662D50D00F4C323 /* ViewControllerResolver.swift */,
				3BD7C10A2662D50B00F4C323 /* SearchBar.swift */,
				3BD7C10E2662E0A100F4C323 /* Search3.swift */,
				A51698762602652000C3FC26 /* Location Manager???.swift */,
				A5E9FCB625FE86E1001D3317 /* ForecastSevenDaysView */,
				A531E02D25FA927500AB91E1 /* ForecastView */,
			);
			path = trash;
			sourceTree = "<group>";
		};
		A597C23B25F63169002940BF = {
			isa = PBXGroup;
			children = (
				3B61FECF26468856000D4552 /* .gitignore */,
				A597C24625F63169002940BF /* WeatherTV */,
				A597C25825F6316B002940BF /* WeatherTVTests */,
				A597C26325F6316B002940BF /* WeatherTVUITests */,
				A597C24525F63169002940BF /* Products */,
			);
			sourceTree = "<group>";
		};
		A597C24525F63169002940BF /* Products */ = {
			isa = PBXGroup;
			children = (
				A597C24425F63169002940BF /* WeatherTV.app */,
				A597C25525F6316B002940BF /* WeatherTVTests.xctest */,
				A597C26025F6316B002940BF /* WeatherTVUITests.xctest */,
			);
			name = Products;
			sourceTree = "<group>";
		};
		A597C24625F63169002940BF /* WeatherTV */ = {
			isa = PBXGroup;
			children = (
				3BF6BBD3265C1FA9006C9456 /* Extensions */,
				A5412A7525FFF76E00B2FE64 /* trash */,
				A531DFF825F7F69800AB91E1 /* Services */,
				A531DFF325F7F41600AB91E1 /* Supporting Files */,
				A531DFED25F79F4600AB91E1 /* Views */,
				A531DFE425F7640200AB91E1 /* Models */,
				A597C24725F63169002940BF /* WeatherTVApp.swift */,
				A597C24D25F6316B002940BF /* Preview Content */,
			);
			path = WeatherTV;
			sourceTree = "<group>";
		};
		A597C24D25F6316B002940BF /* Preview Content */ = {
			isa = PBXGroup;
			children = (
				A597C24E25F6316B002940BF /* Preview Assets.xcassets */,
			);
			path = "Preview Content";
			sourceTree = "<group>";
		};
		A597C25825F6316B002940BF /* WeatherTVTests */ = {
			isa = PBXGroup;
			children = (
				A597C25925F6316B002940BF /* WeatherTVTests.swift */,
				A597C25B25F6316B002940BF /* Info.plist */,
			);
			path = WeatherTVTests;
			sourceTree = "<group>";
		};
		A597C26325F6316B002940BF /* WeatherTVUITests */ = {
			isa = PBXGroup;
			children = (
				A597C26425F6316B002940BF /* WeatherTVUITests.swift */,
				A597C26625F6316B002940BF /* Info.plist */,
			);
			path = WeatherTVUITests;
			sourceTree = "<group>";
		};
		A5E9FCB625FE86E1001D3317 /* ForecastSevenDaysView */ = {
			isa = PBXGroup;
			children = (
				A5E9FCB725FE871C001D3317 /* ForecastSevenDaysView.swift */,
				A5E9FCBF25FE87BC001D3317 /* ForecastSevenDaysViewModel.swift */,
			);
			path = ForecastSevenDaysView;
			sourceTree = "<group>";
		};
/* End PBXGroup section */

/* Begin PBXNativeTarget section */
		A597C24325F63169002940BF /* WeatherTV */ = {
			isa = PBXNativeTarget;
			buildConfigurationList = A597C26925F6316B002940BF /* Build configuration list for PBXNativeTarget "WeatherTV" */;
			buildPhases = (
				A597C24025F63169002940BF /* Sources */,
				A597C24125F63169002940BF /* Frameworks */,
				A597C24225F63169002940BF /* Resources */,
			);
			buildRules = (
			);
			dependencies = (
			);
			name = WeatherTV;
			productName = WeatherTV;
			productReference = A597C24425F63169002940BF /* WeatherTV.app */;
			productType = "com.apple.product-type.application";
		};
		A597C25425F6316B002940BF /* WeatherTVTests */ = {
			isa = PBXNativeTarget;
			buildConfigurationList = A597C26C25F6316B002940BF /* Build configuration list for PBXNativeTarget "WeatherTVTests" */;
			buildPhases = (
				A597C25125F6316B002940BF /* Sources */,
				A597C25225F6316B002940BF /* Frameworks */,
				A597C25325F6316B002940BF /* Resources */,
			);
			buildRules = (
			);
			dependencies = (
				A597C25725F6316B002940BF /* PBXTargetDependency */,
			);
			name = WeatherTVTests;
			productName = WeatherTVTests;
			productReference = A597C25525F6316B002940BF /* WeatherTVTests.xctest */;
			productType = "com.apple.product-type.bundle.unit-test";
		};
		A597C25F25F6316B002940BF /* WeatherTVUITests */ = {
			isa = PBXNativeTarget;
			buildConfigurationList = A597C26F25F6316B002940BF /* Build configuration list for PBXNativeTarget "WeatherTVUITests" */;
			buildPhases = (
				A597C25C25F6316B002940BF /* Sources */,
				A597C25D25F6316B002940BF /* Frameworks */,
				A597C25E25F6316B002940BF /* Resources */,
			);
			buildRules = (
			);
			dependencies = (
				A597C26225F6316B002940BF /* PBXTargetDependency */,
			);
			name = WeatherTVUITests;
			productName = WeatherTVUITests;
			productReference = A597C26025F6316B002940BF /* WeatherTVUITests.xctest */;
			productType = "com.apple.product-type.bundle.ui-testing";
		};
/* End PBXNativeTarget section */

/* Begin PBXProject section */
		A597C23C25F63169002940BF /* Project object */ = {
			isa = PBXProject;
			attributes = {
				LastSwiftUpdateCheck = 1240;
				LastUpgradeCheck = 1240;
				TargetAttributes = {
					A597C24325F63169002940BF = {
						CreatedOnToolsVersion = 12.4;
					};
					A597C25425F6316B002940BF = {
						CreatedOnToolsVersion = 12.4;
						TestTargetID = A597C24325F63169002940BF;
					};
					A597C25F25F6316B002940BF = {
						CreatedOnToolsVersion = 12.4;
						TestTargetID = A597C24325F63169002940BF;
					};
				};
			};
			buildConfigurationList = A597C23F25F63169002940BF /* Build configuration list for PBXProject "WeatherTV" */;
			compatibilityVersion = "Xcode 9.3";
			developmentRegion = en;
			hasScannedForEncodings = 0;
			knownRegions = (
				en,
				Base,
			);
			mainGroup = A597C23B25F63169002940BF;
			productRefGroup = A597C24525F63169002940BF /* Products */;
			projectDirPath = "";
			projectRoot = "";
			targets = (
				A597C24325F63169002940BF /* WeatherTV */,
				A597C25425F6316B002940BF /* WeatherTVTests */,
				A597C25F25F6316B002940BF /* WeatherTVUITests */,
			);
		};
/* End PBXProject section */

/* Begin PBXResourcesBuildPhase section */
		A597C24225F63169002940BF /* Resources */ = {
			isa = PBXResourcesBuildPhase;
			buildActionMask = 2147483647;
			files = (
				3B61FED026468856000D4552 /* .gitignore in Resources */,
				A597C24F25F6316B002940BF /* Preview Assets.xcassets in Resources */,
				A597C24C25F6316B002940BF /* Assets.xcassets in Resources */,
			);
			runOnlyForDeploymentPostprocessing = 0;
		};
		A597C25325F6316B002940BF /* Resources */ = {
			isa = PBXResourcesBuildPhase;
			buildActionMask = 2147483647;
			files = (
			);
			runOnlyForDeploymentPostprocessing = 0;
		};
		A597C25E25F6316B002940BF /* Resources */ = {
			isa = PBXResourcesBuildPhase;
			buildActionMask = 2147483647;
			files = (
			);
			runOnlyForDeploymentPostprocessing = 0;
		};
/* End PBXResourcesBuildPhase section */

/* Begin PBXSourcesBuildPhase section */
		A597C24025F63169002940BF /* Sources */ = {
			isa = PBXSourcesBuildPhase;
			buildActionMask = 2147483647;
			files = (
				3BD7C12E2663BAB600F4C323 /* Ext + String.swift in Sources */,
				A5E9FCC825FE891E001D3317 /* Data Manager.swift in Sources */,
				A531E03425FA92C500AB91E1 /* ForecastViewModel.swift in Sources */,
				3B0D330E2663C2CF00421E2E /* SearchWrapper.swift in Sources */,
				A531DFE625F7642F00AB91E1 /* CurrentWeather.swift in Sources */,
				3BF6BBD2265C13C1006C9456 /* WeatherBackground.swift in Sources */,
				3B49875926826FA500ADE3D7 /* DisabledSearchMessageView.swift in Sources */,
				A540D1C52614F17700B477B2 /* SettingsView.swift in Sources */,
				3BC8F53A266D4D4700A0F91B /* UserData.swift in Sources */,
				3BC8F538266CFFA400A0F91B /* User Manager.swift in Sources */,
				A5E9FCB825FE871C001D3317 /* ForecastSevenDaysView.swift in Sources */,
				A531E01B25F93FBB00AB91E1 /* WeatherViewModel.swift in Sources */,
				A5E9FCAA25FD4832001D3317 /* StartTabView.swift in Sources */,
				A5412A6225FFDCA400B2FE64 /* DayForecastView.swift in Sources */,
				A531E02925FA8BFD00AB91E1 /* Forecast.swift in Sources */,
				3B9CF583269CC77C0041E9BA /* Pressure.swift in Sources */,
				3BD7C10F2662E0A100F4C323 /* Search3.swift in Sources */,
				A5BF6EF6262B634900522AE5 /* SearchView.swift in Sources */,
				3B9CF585269CC91B0041E9BA /* Settings.swift in Sources */,
				3B61FED226468A56000D4552 /* API.swift in Sources */,
				3B9CF581269CC68A0041E9BA /* Temperature.swift in Sources */,
				A51CA0D52638874C00582369 /* FindingLocationView.swift in Sources */,
				3BF6BBD5265C1FC9006C9456 /* Ext + Color.swift in Sources */,
				A5DA9741262C614B00EC34E8 /* SearchController.swift in Sources */,
				A54831402615A87C001E7F76 /* Location Manager.swift in Sources */,
				3B6F4BF3266AA06600690AF3 /* Lacation.swift in Sources */,
				A5E9FCAF25FE81E3001D3317 /* ForecastOneCalAPI.swift in Sources */,
				3BC8F536266BF38500A0F91B /* Ext + CLPlacemark.swift in Sources */,
				A531E00A25F88B5F00AB91E1 /* URL Manager.swift in Sources */,
				3BD7C12C26638B4300F4C323 /* LogoDataProvider.swift in Sources */,
				3BC6BC2F2673D81600E085F7 /* Constant.swift in Sources */,
				A531DFFA25F7F6BB00AB91E1 /* Network Manager.swift in Sources */,
				A597C24A25F63169002940BF /* WeatherView.swift in Sources */,
				3BD7C10B2662D50B00F4C323 /* SearchBar.swift in Sources */,
				A5E9FCC025FE87BC001D3317 /* ForecastSevenDaysViewModel.swift in Sources */,
				A5EEA13C262F6FBE0002EF8D /* serash.swift in Sources */,
				A5412A6825FFDD5300B2FE64 /* DayForecastViewModel.swift in Sources */,
				3BD7C10D2662D50D00F4C323 /* ViewControllerResolver.swift in Sources */,
				A51698772602652000C3FC26 /* Location Manager???.swift in Sources */,
				A597C24825F63169002940BF /* WeatherTVApp.swift in Sources */,
				A531E02F25FA929300AB91E1 /* ForecastView.swift in Sources */,
				3BFE0C7826923B28008F6AF3 /* GearsView.swift in Sources */,
			);
			runOnlyForDeploymentPostprocessing = 0;
		};
		A597C25125F6316B002940BF /* Sources */ = {
			isa = PBXSourcesBuildPhase;
			buildActionMask = 2147483647;
			files = (
				A597C25A25F6316B002940BF /* WeatherTVTests.swift in Sources */,
			);
			runOnlyForDeploymentPostprocessing = 0;
		};
		A597C25C25F6316B002940BF /* Sources */ = {
			isa = PBXSourcesBuildPhase;
			buildActionMask = 2147483647;
			files = (
				A597C26525F6316B002940BF /* WeatherTVUITests.swift in Sources */,
			);
			runOnlyForDeploymentPostprocessing = 0;
		};
/* End PBXSourcesBuildPhase section */

/* Begin PBXTargetDependency section */
		A597C25725F6316B002940BF /* PBXTargetDependency */ = {
			isa = PBXTargetDependency;
			target = A597C24325F63169002940BF /* WeatherTV */;
			targetProxy = A597C25625F6316B002940BF /* PBXContainerItemProxy */;
		};
		A597C26225F6316B002940BF /* PBXTargetDependency */ = {
			isa = PBXTargetDependency;
			target = A597C24325F63169002940BF /* WeatherTV */;
			targetProxy = A597C26125F6316B002940BF /* PBXContainerItemProxy */;
		};
/* End PBXTargetDependency section */

/* Begin XCBuildConfiguration section */
		A597C26725F6316B002940BF /* Debug */ = {
			isa = XCBuildConfiguration;
			buildSettings = {
				ALWAYS_SEARCH_USER_PATHS = NO;
				CLANG_ANALYZER_NONNULL = YES;
				CLANG_ANALYZER_NUMBER_OBJECT_CONVERSION = YES_AGGRESSIVE;
				CLANG_CXX_LANGUAGE_STANDARD = "gnu++14";
				CLANG_CXX_LIBRARY = "libc++";
				CLANG_ENABLE_MODULES = YES;
				CLANG_ENABLE_OBJC_ARC = YES;
				CLANG_ENABLE_OBJC_WEAK = YES;
				CLANG_WARN_BLOCK_CAPTURE_AUTORELEASING = YES;
				CLANG_WARN_BOOL_CONVERSION = YES;
				CLANG_WARN_COMMA = YES;
				CLANG_WARN_CONSTANT_CONVERSION = YES;
				CLANG_WARN_DEPRECATED_OBJC_IMPLEMENTATIONS = YES;
				CLANG_WARN_DIRECT_OBJC_ISA_USAGE = YES_ERROR;
				CLANG_WARN_DOCUMENTATION_COMMENTS = YES;
				CLANG_WARN_EMPTY_BODY = YES;
				CLANG_WARN_ENUM_CONVERSION = YES;
				CLANG_WARN_INFINITE_RECURSION = YES;
				CLANG_WARN_INT_CONVERSION = YES;
				CLANG_WARN_NON_LITERAL_NULL_CONVERSION = YES;
				CLANG_WARN_OBJC_IMPLICIT_RETAIN_SELF = YES;
				CLANG_WARN_OBJC_LITERAL_CONVERSION = YES;
				CLANG_WARN_OBJC_ROOT_CLASS = YES_ERROR;
				CLANG_WARN_QUOTED_INCLUDE_IN_FRAMEWORK_HEADER = YES;
				CLANG_WARN_RANGE_LOOP_ANALYSIS = YES;
				CLANG_WARN_STRICT_PROTOTYPES = YES;
				CLANG_WARN_SUSPICIOUS_MOVE = YES;
				CLANG_WARN_UNGUARDED_AVAILABILITY = YES_AGGRESSIVE;
				CLANG_WARN_UNREACHABLE_CODE = YES;
				CLANG_WARN__DUPLICATE_METHOD_MATCH = YES;
				COPY_PHASE_STRIP = NO;
				DEBUG_INFORMATION_FORMAT = dwarf;
				ENABLE_STRICT_OBJC_MSGSEND = YES;
				ENABLE_TESTABILITY = YES;
				GCC_C_LANGUAGE_STANDARD = gnu11;
				GCC_DYNAMIC_NO_PIC = NO;
				GCC_NO_COMMON_BLOCKS = YES;
				GCC_OPTIMIZATION_LEVEL = 0;
				GCC_PREPROCESSOR_DEFINITIONS = (
					"DEBUG=1",
					"$(inherited)",
				);
				GCC_WARN_64_TO_32_BIT_CONVERSION = YES;
				GCC_WARN_ABOUT_RETURN_TYPE = YES_ERROR;
				GCC_WARN_UNDECLARED_SELECTOR = YES;
				GCC_WARN_UNINITIALIZED_AUTOS = YES_AGGRESSIVE;
				GCC_WARN_UNUSED_FUNCTION = YES;
				GCC_WARN_UNUSED_VARIABLE = YES;
				MTL_ENABLE_DEBUG_INFO = INCLUDE_SOURCE;
				MTL_FAST_MATH = YES;
				ONLY_ACTIVE_ARCH = YES;
				SDKROOT = appletvos;
				SWIFT_ACTIVE_COMPILATION_CONDITIONS = DEBUG;
				SWIFT_OPTIMIZATION_LEVEL = "-Onone";
				TVOS_DEPLOYMENT_TARGET = 14.3;
			};
			name = Debug;
		};
		A597C26825F6316B002940BF /* Release */ = {
			isa = XCBuildConfiguration;
			buildSettings = {
				ALWAYS_SEARCH_USER_PATHS = NO;
				CLANG_ANALYZER_NONNULL = YES;
				CLANG_ANALYZER_NUMBER_OBJECT_CONVERSION = YES_AGGRESSIVE;
				CLANG_CXX_LANGUAGE_STANDARD = "gnu++14";
				CLANG_CXX_LIBRARY = "libc++";
				CLANG_ENABLE_MODULES = YES;
				CLANG_ENABLE_OBJC_ARC = YES;
				CLANG_ENABLE_OBJC_WEAK = YES;
				CLANG_WARN_BLOCK_CAPTURE_AUTORELEASING = YES;
				CLANG_WARN_BOOL_CONVERSION = YES;
				CLANG_WARN_COMMA = YES;
				CLANG_WARN_CONSTANT_CONVERSION = YES;
				CLANG_WARN_DEPRECATED_OBJC_IMPLEMENTATIONS = YES;
				CLANG_WARN_DIRECT_OBJC_ISA_USAGE = YES_ERROR;
				CLANG_WARN_DOCUMENTATION_COMMENTS = YES;
				CLANG_WARN_EMPTY_BODY = YES;
				CLANG_WARN_ENUM_CONVERSION = YES;
				CLANG_WARN_INFINITE_RECURSION = YES;
				CLANG_WARN_INT_CONVERSION = YES;
				CLANG_WARN_NON_LITERAL_NULL_CONVERSION = YES;
				CLANG_WARN_OBJC_IMPLICIT_RETAIN_SELF = YES;
				CLANG_WARN_OBJC_LITERAL_CONVERSION = YES;
				CLANG_WARN_OBJC_ROOT_CLASS = YES_ERROR;
				CLANG_WARN_QUOTED_INCLUDE_IN_FRAMEWORK_HEADER = YES;
				CLANG_WARN_RANGE_LOOP_ANALYSIS = YES;
				CLANG_WARN_STRICT_PROTOTYPES = YES;
				CLANG_WARN_SUSPICIOUS_MOVE = YES;
				CLANG_WARN_UNGUARDED_AVAILABILITY = YES_AGGRESSIVE;
				CLANG_WARN_UNREACHABLE_CODE = YES;
				CLANG_WARN__DUPLICATE_METHOD_MATCH = YES;
				COPY_PHASE_STRIP = NO;
				DEBUG_INFORMATION_FORMAT = "dwarf-with-dsym";
				ENABLE_NS_ASSERTIONS = NO;
				ENABLE_STRICT_OBJC_MSGSEND = YES;
				GCC_C_LANGUAGE_STANDARD = gnu11;
				GCC_NO_COMMON_BLOCKS = YES;
				GCC_WARN_64_TO_32_BIT_CONVERSION = YES;
				GCC_WARN_ABOUT_RETURN_TYPE = YES_ERROR;
				GCC_WARN_UNDECLARED_SELECTOR = YES;
				GCC_WARN_UNINITIALIZED_AUTOS = YES_AGGRESSIVE;
				GCC_WARN_UNUSED_FUNCTION = YES;
				GCC_WARN_UNUSED_VARIABLE = YES;
				MTL_ENABLE_DEBUG_INFO = NO;
				MTL_FAST_MATH = YES;
				SDKROOT = appletvos;
				SWIFT_COMPILATION_MODE = wholemodule;
				SWIFT_OPTIMIZATION_LEVEL = "-O";
				TVOS_DEPLOYMENT_TARGET = 14.3;
				VALIDATE_PRODUCT = YES;
			};
			name = Release;
		};
		A597C26A25F6316B002940BF /* Debug */ = {
			isa = XCBuildConfiguration;
			buildSettings = {
				ASSETCATALOG_COMPILER_APPICON_NAME = "App Icon & Top Shelf Image";
				ASSETCATALOG_COMPILER_GLOBAL_ACCENT_COLOR_NAME = AccentColor;
				CODE_SIGN_STYLE = Automatic;
				CURRENT_PROJECT_VERSION = 4;
				DEVELOPMENT_ASSET_PATHS = "\"WeatherTV/Preview Content\"";
				DEVELOPMENT_TEAM = RNER64Q73Y;
				ENABLE_PREVIEWS = YES;
				INFOPLIST_FILE = "WeatherTV/Supporting Files/Info.plist";
				LD_RUNPATH_SEARCH_PATHS = (
					"$(inherited)",
					"@executable_path/Frameworks",
				);
				MARKETING_VERSION = 1.1;
				PRODUCT_BUNDLE_IDENTIFIER = ageres7.WeatherTV;
				PRODUCT_NAME = "$(TARGET_NAME)";
				SWIFT_VERSION = 5.0;
				TARGETED_DEVICE_FAMILY = 3;
				TVOS_DEPLOYMENT_TARGET = 14.0;
			};
			name = Debug;
		};
		A597C26B25F6316B002940BF /* Release */ = {
			isa = XCBuildConfiguration;
			buildSettings = {
				ASSETCATALOG_COMPILER_APPICON_NAME = "App Icon & Top Shelf Image";
				ASSETCATALOG_COMPILER_GLOBAL_ACCENT_COLOR_NAME = AccentColor;
				CODE_SIGN_STYLE = Automatic;
				CURRENT_PROJECT_VERSION = 4;
				DEVELOPMENT_ASSET_PATHS = "\"WeatherTV/Preview Content\"";
				DEVELOPMENT_TEAM = RNER64Q73Y;
				ENABLE_PREVIEWS = YES;
				INFOPLIST_FILE = "WeatherTV/Supporting Files/Info.plist";
				LD_RUNPATH_SEARCH_PATHS = (
					"$(inherited)",
					"@executable_path/Frameworks",
				);
				MARKETING_VERSION = 1.1;
				PRODUCT_BUNDLE_IDENTIFIER = ageres7.WeatherTV;
				PRODUCT_NAME = "$(TARGET_NAME)";
				SWIFT_VERSION = 5.0;
				TARGETED_DEVICE_FAMILY = 3;
				TVOS_DEPLOYMENT_TARGET = 14.0;
			};
			name = Release;
		};
		A597C26D25F6316B002940BF /* Debug */ = {
			isa = XCBuildConfiguration;
			buildSettings = {
				ALWAYS_EMBED_SWIFT_STANDARD_LIBRARIES = YES;
				BUNDLE_LOADER = "$(TEST_HOST)";
				CODE_SIGN_STYLE = Automatic;
				DEVELOPMENT_TEAM = RNER64Q73Y;
				INFOPLIST_FILE = WeatherTVTests/Info.plist;
				LD_RUNPATH_SEARCH_PATHS = (
					"$(inherited)",
					"@executable_path/Frameworks",
					"@loader_path/Frameworks",
				);
				PRODUCT_BUNDLE_IDENTIFIER = ageres7.WeatherTVTests;
				PRODUCT_NAME = "$(TARGET_NAME)";
				SWIFT_VERSION = 5.0;
				TARGETED_DEVICE_FAMILY = 3;
				TEST_HOST = "$(BUILT_PRODUCTS_DIR)/WeatherTV.app/WeatherTV";
				TVOS_DEPLOYMENT_TARGET = 14.0;
			};
			name = Debug;
		};
		A597C26E25F6316B002940BF /* Release */ = {
			isa = XCBuildConfiguration;
			buildSettings = {
				ALWAYS_EMBED_SWIFT_STANDARD_LIBRARIES = YES;
				BUNDLE_LOADER = "$(TEST_HOST)";
				CODE_SIGN_STYLE = Automatic;
				DEVELOPMENT_TEAM = RNER64Q73Y;
				INFOPLIST_FILE = WeatherTVTests/Info.plist;
				LD_RUNPATH_SEARCH_PATHS = (
					"$(inherited)",
					"@executable_path/Frameworks",
					"@loader_path/Frameworks",
				);
				PRODUCT_BUNDLE_IDENTIFIER = ageres7.WeatherTVTests;
				PRODUCT_NAME = "$(TARGET_NAME)";
				SWIFT_VERSION = 5.0;
				TARGETED_DEVICE_FAMILY = 3;
				TEST_HOST = "$(BUILT_PRODUCTS_DIR)/WeatherTV.app/WeatherTV";
				TVOS_DEPLOYMENT_TARGET = 14.0;
			};
			name = Release;
		};
		A597C27025F6316B002940BF /* Debug */ = {
			isa = XCBuildConfiguration;
			buildSettings = {
				ALWAYS_EMBED_SWIFT_STANDARD_LIBRARIES = YES;
				CODE_SIGN_STYLE = Automatic;
				DEVELOPMENT_TEAM = RNER64Q73Y;
				INFOPLIST_FILE = WeatherTVUITests/Info.plist;
				LD_RUNPATH_SEARCH_PATHS = (
					"$(inherited)",
					"@executable_path/Frameworks",
					"@loader_path/Frameworks",
				);
				PRODUCT_BUNDLE_IDENTIFIER = ageres7.WeatherTVUITests;
				PRODUCT_NAME = "$(TARGET_NAME)";
				SWIFT_VERSION = 5.0;
				TARGETED_DEVICE_FAMILY = 3;
				TEST_TARGET_NAME = WeatherTV;
			};
			name = Debug;
		};
		A597C27125F6316B002940BF /* Release */ = {
			isa = XCBuildConfiguration;
			buildSettings = {
				ALWAYS_EMBED_SWIFT_STANDARD_LIBRARIES = YES;
				CODE_SIGN_STYLE = Automatic;
				DEVELOPMENT_TEAM = RNER64Q73Y;
				INFOPLIST_FILE = WeatherTVUITests/Info.plist;
				LD_RUNPATH_SEARCH_PATHS = (
					"$(inherited)",
					"@executable_path/Frameworks",
					"@loader_path/Frameworks",
				);
				PRODUCT_BUNDLE_IDENTIFIER = ageres7.WeatherTVUITests;
				PRODUCT_NAME = "$(TARGET_NAME)";
				SWIFT_VERSION = 5.0;
				TARGETED_DEVICE_FAMILY = 3;
				TEST_TARGET_NAME = WeatherTV;
			};
			name = Release;
		};
/* End XCBuildConfiguration section */

/* Begin XCConfigurationList section */
		A597C23F25F63169002940BF /* Build configuration list for PBXProject "WeatherTV" */ = {
			isa = XCConfigurationList;
			buildConfigurations = (
				A597C26725F6316B002940BF /* Debug */,
				A597C26825F6316B002940BF /* Release */,
			);
			defaultConfigurationIsVisible = 0;
			defaultConfigurationName = Release;
		};
		A597C26925F6316B002940BF /* Build configuration list for PBXNativeTarget "WeatherTV" */ = {
			isa = XCConfigurationList;
			buildConfigurations = (
				A597C26A25F6316B002940BF /* Debug */,
				A597C26B25F6316B002940BF /* Release */,
			);
			defaultConfigurationIsVisible = 0;
			defaultConfigurationName = Release;
		};
		A597C26C25F6316B002940BF /* Build configuration list for PBXNativeTarget "WeatherTVTests" */ = {
			isa = XCConfigurationList;
			buildConfigurations = (
				A597C26D25F6316B002940BF /* Debug */,
				A597C26E25F6316B002940BF /* Release */,
			);
			defaultConfigurationIsVisible = 0;
			defaultConfigurationName = Release;
		};
		A597C26F25F6316B002940BF /* Build configuration list for PBXNativeTarget "WeatherTVUITests" */ = {
			isa = XCConfigurationList;
			buildConfigurations = (
				A597C27025F6316B002940BF /* Debug */,
				A597C27125F6316B002940BF /* Release */,
			);
			defaultConfigurationIsVisible = 0;
			defaultConfigurationName = Release;
		};
/* End XCConfigurationList section */
	};
	rootObject = A597C23C25F63169002940BF /* Project object */;
}
